// !$*UTF8*$!
{
	archiveVersion = 1;
	classes = {
	};
	objectVersion = 50;
	objects = {

/* Begin PBXBuildFile section */
		414820D624EEA29200E1F36E /* AppDelegate.m in Sources */ = {isa = PBXBuildFile; fileRef = 414820D524EEA29200E1F36E /* AppDelegate.m */; };
		414820D924EEA29200E1F36E /* SceneDelegate.m in Sources */ = {isa = PBXBuildFile; fileRef = 414820D824EEA29200E1F36E /* SceneDelegate.m */; };
		414820DC24EEA29200E1F36E /* ViewController.m in Sources */ = {isa = PBXBuildFile; fileRef = 414820DB24EEA29200E1F36E /* ViewController.m */; };
		414820DF24EEA29200E1F36E /* Main.storyboard in Resources */ = {isa = PBXBuildFile; fileRef = 414820DD24EEA29200E1F36E /* Main.storyboard */; };
		414820E124EEA29300E1F36E /* Assets.xcassets in Resources */ = {isa = PBXBuildFile; fileRef = 414820E024EEA29300E1F36E /* Assets.xcassets */; };
		414820E424EEA29300E1F36E /* LaunchScreen.storyboard in Resources */ = {isa = PBXBuildFile; fileRef = 414820E224EEA29300E1F36E /* LaunchScreen.storyboard */; };
		414820E724EEA29300E1F36E /* main.m in Sources */ = {isa = PBXBuildFile; fileRef = 414820E624EEA29300E1F36E /* main.m */; };
/* End PBXBuildFile section */

/* Begin PBXFileReference section */
		414820D124EEA29200E1F36E /* ClassAct.app */ = {isa = PBXFileReference; explicitFileType = wrapper.application; includeInIndex = 0; path = ClassAct.app; sourceTree = BUILT_PRODUCTS_DIR; };
		414820D424EEA29200E1F36E /* AppDelegate.h */ = {isa = PBXFileReference; lastKnownFileType = sourcecode.c.h; path = AppDelegate.h; sourceTree = "<group>"; };
		414820D524EEA29200E1F36E /* AppDelegate.m */ = {isa = PBXFileReference; lastKnownFileType = sourcecode.c.objc; path = AppDelegate.m; sourceTree = "<group>"; };
		414820D724EEA29200E1F36E /* SceneDelegate.h */ = {isa = PBXFileReference; lastKnownFileType = sourcecode.c.h; path = SceneDelegate.h; sourceTree = "<group>"; };
		414820D824EEA29200E1F36E /* SceneDelegate.m */ = {isa = PBXFileReference; lastKnownFileType = sourcecode.c.objc; path = SceneDelegate.m; sourceTree = "<group>"; };
		414820DA24EEA29200E1F36E /* ViewController.h */ = {isa = PBXFileReference; lastKnownFileType = sourcecode.c.h; path = ViewController.h; sourceTree = "<group>"; };
		414820DB24EEA29200E1F36E /* ViewController.m */ = {isa = PBXFileReference; lastKnownFileType = sourcecode.c.objc; path = ViewController.m; sourceTree = "<group>"; };
		414820DE24EEA29200E1F36E /* Base */ = {isa = PBXFileReference; lastKnownFileType = file.storyboard; name = Base; path = Base.lproj/Main.storyboard; sourceTree = "<group>"; };
		414820E024EEA29300E1F36E /* Assets.xcassets */ = {isa = PBXFileReference; lastKnownFileType = folder.assetcatalog; path = Assets.xcassets; sourceTree = "<group>"; };
		414820E324EEA29300E1F36E /* Base */ = {isa = PBXFileReference; lastKnownFileType = file.storyboard; name = Base; path = Base.lproj/LaunchScreen.storyboard; sourceTree = "<group>"; };
		414820E524EEA29300E1F36E /* Info.plist */ = {isa = PBXFileReference; lastKnownFileType = text.plist.xml; path = Info.plist; sourceTree = "<group>"; };
		414820E624EEA29300E1F36E /* main.m */ = {isa = PBXFileReference; lastKnownFileType = sourcecode.c.objc; path = main.m; sourceTree = "<group>"; };
/* End PBXFileReference section */

/* Begin PBXFrameworksBuildPhase section */
		414820CE24EEA29200E1F36E /* Frameworks */ = {
			isa = PBXFrameworksBuildPhase;
			buildActionMask = 2147483647;
			files = (
			);
			runOnlyForDeploymentPostprocessing = 0;
		};
/* End PBXFrameworksBuildPhase section */

/* Begin PBXGroup section */
		414820C824EEA29200E1F36E = {
			isa = PBXGroup;
			children = (
				414820D324EEA29200E1F36E /* ClassAct */,
				414820D224EEA29200E1F36E /* Products */,
			);
			sourceTree = "<group>";
		};
		414820D224EEA29200E1F36E /* Products */ = {
			isa = PBXGroup;
			children = (
				414820D124EEA29200E1F36E /* ClassAct.app */,
			);
			name = Products;
			sourceTree = "<group>";
		};
		414820D324EEA29200E1F36E /* ClassAct */ = {
			isa = PBXGroup;
			children = (
				414820D424EEA29200E1F36E /* AppDelegate.h */,
				414820D524EEA29200E1F36E /* AppDelegate.m */,
				414820D724EEA29200E1F36E /* SceneDelegate.h */,
				414820D824EEA29200E1F36E /* SceneDelegate.m */,
				414820DA24EEA29200E1F36E /* ViewController.h */,
				414820DB24EEA29200E1F36E /* ViewController.m */,
				414820DD24EEA29200E1F36E /* Main.storyboard */,
				414820E024EEA29300E1F36E /* Assets.xcassets */,
				414820E224EEA29300E1F36E /* LaunchScreen.storyboard */,
				414820E524EEA29300E1F36E /* Info.plist */,
				414820E624EEA29300E1F36E /* main.m */,
			);
			path = ClassAct;
			sourceTree = "<group>";
		};
/* End PBXGroup section */

/* Begin PBXNativeTarget section */
		414820D024EEA29200E1F36E /* ClassAct */ = {
			isa = PBXNativeTarget;
			buildConfigurationList = 414820EA24EEA29300E1F36E /* Build configuration list for PBXNativeTarget "ClassAct" */;
			buildPhases = (
				414820CD24EEA29200E1F36E /* Sources */,
				414820CE24EEA29200E1F36E /* Frameworks */,
				414820CF24EEA29200E1F36E /* Resources */,
			);
			buildRules = (
			);
			dependencies = (
			);
			name = ClassAct;
			productName = ClassAct;
			productReference = 414820D124EEA29200E1F36E /* ClassAct.app */;
			productType = "com.apple.product-type.application";
		};
/* End PBXNativeTarget section */

/* Begin PBXProject section */
		414820C924EEA29200E1F36E /* Project object */ = {
			isa = PBXProject;
			attributes = {
				LastUpgradeCheck = 1130;
				ORGANIZATIONNAME = "Suzy Lee";
				TargetAttributes = {
					414820D024EEA29200E1F36E = {
						CreatedOnToolsVersion = 11.3.1;
					};
				};
			};
			buildConfigurationList = 414820CC24EEA29200E1F36E /* Build configuration list for PBXProject "ClassAct" */;
			compatibilityVersion = "Xcode 9.3";
			developmentRegion = en;
			hasScannedForEncodings = 0;
			knownRegions = (
				en,
				Base,
			);
			mainGroup = 414820C824EEA29200E1F36E;
			productRefGroup = 414820D224EEA29200E1F36E /* Products */;
			projectDirPath = "";
			projectRoot = "";
			targets = (
				414820D024EEA29200E1F36E /* ClassAct */,
			);
		};
/* End PBXProject section */

/* Begin PBXResourcesBuildPhase section */
		414820CF24EEA29200E1F36E /* Resources */ = {
			isa = PBXResourcesBuildPhase;
			buildActionMask = 2147483647;
			files = (
				414820E424EEA29300E1F36E /* LaunchScreen.storyboard in Resources */,
				414820E124EEA29300E1F36E /* Assets.xcassets in Resources */,
				414820DF24EEA29200E1F36E /* Main.storyboard in Resources */,
			);
			runOnlyForDeploymentPostprocessing = 0;
		};
/* End PBXResourcesBuildPhase section */

/* Begin PBXSourcesBuildPhase section */
		414820CD24EEA29200E1F36E /* Sources */ = {
			isa = PBXSourcesBuildPhase;
			buildActionMask = 2147483647;
			files = (
				414820DC24EEA29200E1F36E /* ViewController.m in Sources */,
				414820D624EEA29200E1F36E /* AppDelegate.m in Sources */,
				414820E724EEA29300E1F36E /* main.m in Sources */,
				414820D924EEA29200E1F36E /* SceneDelegate.m in Sources */,
			);
			runOnlyForDeploymentPostprocessing = 0;
		};
/* End PBXSourcesBuildPhase section */

/* Begin PBXVariantGroup section */
		414820DD24EEA29200E1F36E /* Main.storyboard */ = {
			isa = PBXVariantGroup;
			children = (
				414820DE24EEA29200E1F36E /* Base */,
			);
			name = Main.storyboard;
			sourceTree = "<group>";
		};
		414820E224EEA29300E1F36E /* LaunchScreen.storyboard */ = {
			isa = PBXVariantGroup;
			children = (
				414820E324EEA29300E1F36E /* Base */,
			);
			name = LaunchScreen.storyboard;
			sourceTree = "<group>";
		};
/* End PBXVariantGroup section */

/* Begin XCBuildConfiguration section */
		414820E824EEA29300E1F36E /* Debug */ = {
			isa = XCBuildConfiguration;
			buildSettings = {
				ALWAYS_SEARCH_USER_PATHS = NO;
				CLANG_ANALYZER_NONNULL = YES;
				CLANG_ANALYZER_NUMBER_OBJECT_CONVERSION = YES_AGGRESSIVE;
				CLANG_CXX_LANGUAGE_STANDARD = "gnu++14";
				CLANG_CXX_LIBRARY = "libc++";
				CLANG_ENABLE_MODULES = YES;
				CLANG_ENABLE_OBJC_ARC = YES;
				CLANG_ENABLE_OBJC_WEAK = YES;
				CLANG_WARN_BLOCK_CAPTURE_AUTORELEASING = YES;
				CLANG_WARN_BOOL_CONVERSION = YES;
				CLANG_WARN_COMMA = YES;
				CLANG_WARN_CONSTANT_CONVERSION = YES;
				CLANG_WARN_DEPRECATED_OBJC_IMPLEMENTATIONS = YES;
				CLANG_WARN_DIRECT_OBJC_ISA_USAGE = YES_ERROR;
				CLANG_WARN_DOCUMENTATION_COMMENTS = YES;
				CLANG_WARN_EMPTY_BODY = YES;
				CLANG_WARN_ENUM_CONVERSION = YES;
				CLANG_WARN_INFINITE_RECURSION = YES;
				CLANG_WARN_INT_CONVERSION = YES;
				CLANG_WARN_NON_LITERAL_NULL_CONVERSION = YES;
				CLANG_WARN_OBJC_IMPLICIT_RETAIN_SELF = YES;
				CLANG_WARN_OBJC_LITERAL_CONVERSION = YES;
				CLANG_WARN_OBJC_ROOT_CLASS = YES_ERROR;
				CLANG_WARN_RANGE_LOOP_ANALYSIS = YES;
				CLANG_WARN_STRICT_PROTOTYPES = YES;
				CLANG_WARN_SUSPICIOUS_MOVE = YES;
				CLANG_WARN_UNGUARDED_AVAILABILITY = YES_AGGRESSIVE;
				CLANG_WARN_UNREACHABLE_CODE = YES;
				CLANG_WARN__DUPLICATE_METHOD_MATCH = YES;
				COPY_PHASE_STRIP = NO;
				DEBUG_INFORMATION_FORMAT = dwarf;
				ENABLE_STRICT_OBJC_MSGSEND = YES;
				ENABLE_TESTABILITY = YES;
				GCC_C_LANGUAGE_STANDARD = gnu11;
				GCC_DYNAMIC_NO_PIC = NO;
				GCC_NO_COMMON_BLOCKS = YES;
				GCC_OPTIMIZATION_LEVEL = 0;
				GCC_PREPROCESSOR_DEFINITIONS = (
					"DEBUG=1",
					"$(inherited)",
				);
				GCC_WARN_64_TO_32_BIT_CONVERSION = YES;
				GCC_WARN_ABOUT_RETURN_TYPE = YES_ERROR;
				GCC_WARN_UNDECLARED_SELECTOR = YES;
				GCC_WARN_UNINITIALIZED_AUTOS = YES_AGGRESSIVE;
				GCC_WARN_UNUSED_FUNCTION = YES;
				GCC_WARN_UNUSED_VARIABLE = YES;
				IPHONEOS_DEPLOYMENT_TARGET = 13.2;
				MTL_ENABLE_DEBUG_INFO = INCLUDE_SOURCE;
				MTL_FAST_MATH = YES;
				ONLY_ACTIVE_ARCH = YES;
				SDKROOT = iphoneos;
			};
			name = Debug;
		};
		414820E924EEA29300E1F36E /* Release */ = {
			isa = XCBuildConfiguration;
			buildSettings = {
				ALWAYS_SEARCH_USER_PATHS = NO;
				CLANG_ANALYZER_NONNULL = YES;
				CLANG_ANALYZER_NUMBER_OBJECT_CONVERSION = YES_AGGRESSIVE;
				CLANG_CXX_LANGUAGE_STANDARD = "gnu++14";
				CLANG_CXX_LIBRARY = "libc++";
				CLANG_ENABLE_MODULES = YES;
				CLANG_ENABLE_OBJC_ARC = YES;
				CLANG_ENABLE_OBJC_WEAK = YES;
				CLANG_WARN_BLOCK_CAPTURE_AUTORELEASING = YES;
				CLANG_WARN_BOOL_CONVERSION = YES;
				CLANG_WARN_COMMA = YES;
				CLANG_WARN_CONSTANT_CONVERSION = YES;
				CLANG_WARN_DEPRECATED_OBJC_IMPLEMENTATIONS = YES;
				CLANG_WARN_DIRECT_OBJC_ISA_USAGE = YES_ERROR;
				CLANG_WARN_DOCUMENTATION_COMMENTS = YES;
				CLANG_WARN_EMPTY_BODY = YES;
				CLANG_WARN_ENUM_CONVERSION = YES;
				CLANG_WARN_INFINITE_RECURSION = YES;
				CLANG_WARN_INT_CONVERSION = YES;
				CLANG_WARN_NON_LITERAL_NULL_CONVERSION = YES;
				CLANG_WARN_OBJC_IMPLICIT_RETAIN_SELF = YES;
				CLANG_WARN_OBJC_LITERAL_CONVERSION = YES;
				CLANG_WARN_OBJC_ROOT_CLASS = YES_ERROR;
				CLANG_WARN_RANGE_LOOP_ANALYSIS = YES;
				CLANG_WARN_STRICT_PROTOTYPES = YES;
				CLANG_WARN_SUSPICIOUS_MOVE = YES;
				CLANG_WARN_UNGUARDED_AVAILABILITY = YES_AGGRESSIVE;
				CLANG_WARN_UNREACHABLE_CODE = YES;
				CLANG_WARN__DUPLICATE_METHOD_MATCH = YES;
				COPY_PHASE_STRIP = NO;
				DEBUG_INFORMATION_FORMAT = "dwarf-with-dsym";
				ENABLE_NS_ASSERTIONS = NO;
				ENABLE_STRICT_OBJC_MSGSEND = YES;
				GCC_C_LANGUAGE_STANDARD = gnu11;
				GCC_NO_COMMON_BLOCKS = YES;
				GCC_WARN_64_TO_32_BIT_CONVERSION = YES;
				GCC_WARN_ABOUT_RETURN_TYPE = YES_ERROR;
				GCC_WARN_UNDECLARED_SELECTOR = YES;
				GCC_WARN_UNINITIALIZED_AUTOS = YES_AGGRESSIVE;
				GCC_WARN_UNUSED_FUNCTION = YES;
				GCC_WARN_UNUSED_VARIABLE = YES;
				IPHONEOS_DEPLOYMENT_TARGET = 13.2;
				MTL_ENABLE_DEBUG_INFO = NO;
				MTL_FAST_MATH = YES;
				SDKROOT = iphoneos;
				VALIDATE_PRODUCT = YES;
			};
			name = Release;
		};
		414820EB24EEA29300E1F36E /* Debug */ = {
			isa = XCBuildConfiguration;
			buildSettings = {
				ASSETCATALOG_COMPILER_APPICON_NAME = AppIcon;
				CODE_SIGN_STYLE = Automatic;
				INFOPLIST_FILE = ClassAct/Info.plist;
				LD_RUNPATH_SEARCH_PATHS = (
					"$(inherited)",
					"@executable_path/Frameworks",
				);
				PRODUCT_BUNDLE_IDENTIFIER = com.sujunglee.ClassAct;
				PRODUCT_NAME = "$(TARGET_NAME)";
				TARGETED_DEVICE_FAMILY = "1,2";
			};
			name = Debug;
		};
		414820EC24EEA29300E1F36E /* Release */ = {
			isa = XCBuildConfiguration;
			buildSettings = {
				ASSETCATALOG_COMPILER_APPICON_NAME = AppIcon;
				CODE_SIGN_STYLE = Automatic;
				INFOPLIST_FILE = ClassAct/Info.plist;
				LD_RUNPATH_SEARCH_PATHS = (
					"$(inherited)",
					"@executable_path/Frameworks",
				);
				PRODUCT_BUNDLE_IDENTIFIER = com.sujunglee.ClassAct;
				PRODUCT_NAME = "$(TARGET_NAME)";
				TARGETED_DEVICE_FAMILY = "1,2";
			};
			name = Release;
		};
/* End XCBuildConfiguration section */

/* Begin XCConfigurationList section */
		414820CC24EEA29200E1F36E /* Build configuration list for PBXProject "ClassAct" */ = {
			isa = XCConfigurationList;
			buildConfigurations = (
				414820E824EEA29300E1F36E /* Debug */,
				414820E924EEA29300E1F36E /* Release */,
			);
			defaultConfigurationIsVisible = 0;
			defaultConfigurationName = Release;
		};
		414820EA24EEA29300E1F36E /* Build configuration list for PBXNativeTarget "ClassAct" */ = {
			isa = XCConfigurationList;
			buildConfigurations = (
				414820EB24EEA29300E1F36E /* Debug */,
				414820EC24EEA29300E1F36E /* Release */,
			);
			defaultConfigurationIsVisible = 0;
			defaultConfigurationName = Release;
		};
/* End XCConfigurationList section */
	};
	rootObject = 414820C924EEA29200E1F36E /* Project object */;
}
