// !$*UTF8*$!
{
	archiveVersion = 1;
	classes = {
	};
	objectVersion = 50;
	objects = {

/* Begin PBXBuildFile section */
		4176FDE424EA6F48005778AE /* AppDelegate.m in Sources */ = {isa = PBXBuildFile; fileRef = 4176FDE324EA6F48005778AE /* AppDelegate.m */; };
		4176FDE724EA6F48005778AE /* SceneDelegate.m in Sources */ = {isa = PBXBuildFile; fileRef = 4176FDE624EA6F48005778AE /* SceneDelegate.m */; };
		4176FDEA24EA6F48005778AE /* ViewController.m in Sources */ = {isa = PBXBuildFile; fileRef = 4176FDE924EA6F48005778AE /* ViewController.m */; };
		4176FDED24EA6F48005778AE /* Main.storyboard in Resources */ = {isa = PBXBuildFile; fileRef = 4176FDEB24EA6F48005778AE /* Main.storyboard */; };
		4176FDEF24EA6F4A005778AE /* Assets.xcassets in Resources */ = {isa = PBXBuildFile; fileRef = 4176FDEE24EA6F4A005778AE /* Assets.xcassets */; };
		4176FDF224EA6F4A005778AE /* LaunchScreen.storyboard in Resources */ = {isa = PBXBuildFile; fileRef = 4176FDF024EA6F4A005778AE /* LaunchScreen.storyboard */; };
		4176FDF524EA6F4A005778AE /* main.m in Sources */ = {isa = PBXBuildFile; fileRef = 4176FDF424EA6F4A005778AE /* main.m */; };
/* End PBXBuildFile section */

/* Begin PBXFileReference section */
		4176FDDF24EA6F48005778AE /* iTahDoodle.app */ = {isa = PBXFileReference; explicitFileType = wrapper.application; includeInIndex = 0; path = iTahDoodle.app; sourceTree = BUILT_PRODUCTS_DIR; };
		4176FDE224EA6F48005778AE /* AppDelegate.h */ = {isa = PBXFileReference; lastKnownFileType = sourcecode.c.h; path = AppDelegate.h; sourceTree = "<group>"; };
		4176FDE324EA6F48005778AE /* AppDelegate.m */ = {isa = PBXFileReference; lastKnownFileType = sourcecode.c.objc; path = AppDelegate.m; sourceTree = "<group>"; };
		4176FDE524EA6F48005778AE /* SceneDelegate.h */ = {isa = PBXFileReference; lastKnownFileType = sourcecode.c.h; path = SceneDelegate.h; sourceTree = "<group>"; };
		4176FDE624EA6F48005778AE /* SceneDelegate.m */ = {isa = PBXFileReference; lastKnownFileType = sourcecode.c.objc; path = SceneDelegate.m; sourceTree = "<group>"; };
		4176FDE824EA6F48005778AE /* ViewController.h */ = {isa = PBXFileReference; lastKnownFileType = sourcecode.c.h; path = ViewController.h; sourceTree = "<group>"; };
		4176FDE924EA6F48005778AE /* ViewController.m */ = {isa = PBXFileReference; lastKnownFileType = sourcecode.c.objc; path = ViewController.m; sourceTree = "<group>"; };
		4176FDEC24EA6F48005778AE /* Base */ = {isa = PBXFileReference; lastKnownFileType = file.storyboard; name = Base; path = Base.lproj/Main.storyboard; sourceTree = "<group>"; };
		4176FDEE24EA6F4A005778AE /* Assets.xcassets */ = {isa = PBXFileReference; lastKnownFileType = folder.assetcatalog; path = Assets.xcassets; sourceTree = "<group>"; };
		4176FDF124EA6F4A005778AE /* Base */ = {isa = PBXFileReference; lastKnownFileType = file.storyboard; name = Base; path = Base.lproj/LaunchScreen.storyboard; sourceTree = "<group>"; };
		4176FDF324EA6F4A005778AE /* Info.plist */ = {isa = PBXFileReference; lastKnownFileType = text.plist.xml; path = Info.plist; sourceTree = "<group>"; };
		4176FDF424EA6F4A005778AE /* main.m */ = {isa = PBXFileReference; lastKnownFileType = sourcecode.c.objc; path = main.m; sourceTree = "<group>"; };
/* End PBXFileReference section */

/* Begin PBXFrameworksBuildPhase section */
		4176FDDC24EA6F48005778AE /* Frameworks */ = {
			isa = PBXFrameworksBuildPhase;
			buildActionMask = 2147483647;
			files = (
			);
			runOnlyForDeploymentPostprocessing = 0;
		};
/* End PBXFrameworksBuildPhase section */

/* Begin PBXGroup section */
		4176FDD624EA6F48005778AE = {
			isa = PBXGroup;
			children = (
				4176FDE124EA6F48005778AE /* iTahDoodle */,
				4176FDE024EA6F48005778AE /* Products */,
			);
			sourceTree = "<group>";
		};
		4176FDE024EA6F48005778AE /* Products */ = {
			isa = PBXGroup;
			children = (
				4176FDDF24EA6F48005778AE /* iTahDoodle.app */,
			);
			name = Products;
			sourceTree = "<group>";
		};
		4176FDE124EA6F48005778AE /* iTahDoodle */ = {
			isa = PBXGroup;
			children = (
				41C3F3CE24EAC09D007132CF /* Controller */,
				4176FDE524EA6F48005778AE /* SceneDelegate.h */,
				4176FDE624EA6F48005778AE /* SceneDelegate.m */,
				41C3F3CD24EABFEE007132CF /* View */,
				4176FDEB24EA6F48005778AE /* Main.storyboard */,
				4176FDEE24EA6F4A005778AE /* Assets.xcassets */,
				4176FDF024EA6F4A005778AE /* LaunchScreen.storyboard */,
				4176FDF324EA6F4A005778AE /* Info.plist */,
				4176FDF424EA6F4A005778AE /* main.m */,
			);
			path = iTahDoodle;
			sourceTree = "<group>";
		};
		41C3F3CD24EABFEE007132CF /* View */ = {
			isa = PBXGroup;
			children = (
				4176FDE824EA6F48005778AE /* ViewController.h */,
				4176FDE924EA6F48005778AE /* ViewController.m */,
			);
			path = View;
			sourceTree = "<group>";
		};
		41C3F3CE24EAC09D007132CF /* Controller */ = {
			isa = PBXGroup;
			children = (
				4176FDE224EA6F48005778AE /* AppDelegate.h */,
				4176FDE324EA6F48005778AE /* AppDelegate.m */,
			);
			path = Controller;
			sourceTree = "<group>";
		};
/* End PBXGroup section */

/* Begin PBXNativeTarget section */
		4176FDDE24EA6F48005778AE /* iTahDoodle */ = {
			isa = PBXNativeTarget;
			buildConfigurationList = 4176FDF824EA6F4A005778AE /* Build configuration list for PBXNativeTarget "iTahDoodle" */;
			buildPhases = (
				4176FDDB24EA6F48005778AE /* Sources */,
				4176FDDC24EA6F48005778AE /* Frameworks */,
				4176FDDD24EA6F48005778AE /* Resources */,
			);
			buildRules = (
			);
			dependencies = (
			);
			name = iTahDoodle;
			productName = iTahDoodle;
			productReference = 4176FDDF24EA6F48005778AE /* iTahDoodle.app */;
			productType = "com.apple.product-type.application";
		};
/* End PBXNativeTarget section */

/* Begin PBXProject section */
		4176FDD724EA6F48005778AE /* Project object */ = {
			isa = PBXProject;
			attributes = {
				LastUpgradeCheck = 1130;
				ORGANIZATIONNAME = "Suzy Lee";
				TargetAttributes = {
					4176FDDE24EA6F48005778AE = {
						CreatedOnToolsVersion = 11.3.1;
					};
				};
			};
			buildConfigurationList = 4176FDDA24EA6F48005778AE /* Build configuration list for PBXProject "iTahDoodle" */;
			compatibilityVersion = "Xcode 9.3";
			developmentRegion = en;
			hasScannedForEncodings = 0;
			knownRegions = (
				en,
				Base,
			);
			mainGroup = 4176FDD624EA6F48005778AE;
			productRefGroup = 4176FDE024EA6F48005778AE /* Products */;
			projectDirPath = "";
			projectRoot = "";
			targets = (
				4176FDDE24EA6F48005778AE /* iTahDoodle */,
			);
		};
/* End PBXProject section */

/* Begin PBXResourcesBuildPhase section */
		4176FDDD24EA6F48005778AE /* Resources */ = {
			isa = PBXResourcesBuildPhase;
			buildActionMask = 2147483647;
			files = (
				4176FDF224EA6F4A005778AE /* LaunchScreen.storyboard in Resources */,
				4176FDEF24EA6F4A005778AE /* Assets.xcassets in Resources */,
				4176FDED24EA6F48005778AE /* Main.storyboard in Resources */,
			);
			runOnlyForDeploymentPostprocessing = 0;
		};
/* End PBXResourcesBuildPhase section */

/* Begin PBXSourcesBuildPhase section */
		4176FDDB24EA6F48005778AE /* Sources */ = {
			isa = PBXSourcesBuildPhase;
			buildActionMask = 2147483647;
			files = (
				4176FDEA24EA6F48005778AE /* ViewController.m in Sources */,
				4176FDE424EA6F48005778AE /* AppDelegate.m in Sources */,
				4176FDF524EA6F4A005778AE /* main.m in Sources */,
				4176FDE724EA6F48005778AE /* SceneDelegate.m in Sources */,
			);
			runOnlyForDeploymentPostprocessing = 0;
		};
/* End PBXSourcesBuildPhase section */

/* Begin PBXVariantGroup section */
		4176FDEB24EA6F48005778AE /* Main.storyboard */ = {
			isa = PBXVariantGroup;
			children = (
				4176FDEC24EA6F48005778AE /* Base */,
			);
			name = Main.storyboard;
			sourceTree = "<group>";
		};
		4176FDF024EA6F4A005778AE /* LaunchScreen.storyboard */ = {
			isa = PBXVariantGroup;
			children = (
				4176FDF124EA6F4A005778AE /* Base */,
			);
			name = LaunchScreen.storyboard;
			sourceTree = "<group>";
		};
/* End PBXVariantGroup section */

/* Begin XCBuildConfiguration section */
		4176FDF624EA6F4A005778AE /* Debug */ = {
			isa = XCBuildConfiguration;
			buildSettings = {
				ALWAYS_SEARCH_USER_PATHS = NO;
				CLANG_ANALYZER_NONNULL = YES;
				CLANG_ANALYZER_NUMBER_OBJECT_CONVERSION = YES_AGGRESSIVE;
				CLANG_CXX_LANGUAGE_STANDARD = "gnu++14";
				CLANG_CXX_LIBRARY = "libc++";
				CLANG_ENABLE_MODULES = YES;
				CLANG_ENABLE_OBJC_ARC = YES;
				CLANG_ENABLE_OBJC_WEAK = YES;
				CLANG_WARN_BLOCK_CAPTURE_AUTORELEASING = YES;
				CLANG_WARN_BOOL_CONVERSION = YES;
				CLANG_WARN_COMMA = YES;
				CLANG_WARN_CONSTANT_CONVERSION = YES;
				CLANG_WARN_DEPRECATED_OBJC_IMPLEMENTATIONS = YES;
				CLANG_WARN_DIRECT_OBJC_ISA_USAGE = YES_ERROR;
				CLANG_WARN_DOCUMENTATION_COMMENTS = YES;
				CLANG_WARN_EMPTY_BODY = YES;
				CLANG_WARN_ENUM_CONVERSION = YES;
				CLANG_WARN_INFINITE_RECURSION = YES;
				CLANG_WARN_INT_CONVERSION = YES;
				CLANG_WARN_NON_LITERAL_NULL_CONVERSION = YES;
				CLANG_WARN_OBJC_IMPLICIT_RETAIN_SELF = YES;
				CLANG_WARN_OBJC_LITERAL_CONVERSION = YES;
				CLANG_WARN_OBJC_ROOT_CLASS = YES_ERROR;
				CLANG_WARN_RANGE_LOOP_ANALYSIS = YES;
				CLANG_WARN_STRICT_PROTOTYPES = YES;
				CLANG_WARN_SUSPICIOUS_MOVE = YES;
				CLANG_WARN_UNGUARDED_AVAILABILITY = YES_AGGRESSIVE;
				CLANG_WARN_UNREACHABLE_CODE = YES;
				CLANG_WARN__DUPLICATE_METHOD_MATCH = YES;
				COPY_PHASE_STRIP = NO;
				DEBUG_INFORMATION_FORMAT = dwarf;
				ENABLE_STRICT_OBJC_MSGSEND = YES;
				ENABLE_TESTABILITY = YES;
				GCC_C_LANGUAGE_STANDARD = gnu11;
				GCC_DYNAMIC_NO_PIC = NO;
				GCC_NO_COMMON_BLOCKS = YES;
				GCC_OPTIMIZATION_LEVEL = 0;
				GCC_PREPROCESSOR_DEFINITIONS = (
					"DEBUG=1",
					"$(inherited)",
				);
				GCC_WARN_64_TO_32_BIT_CONVERSION = YES;
				GCC_WARN_ABOUT_RETURN_TYPE = YES_ERROR;
				GCC_WARN_UNDECLARED_SELECTOR = YES;
				GCC_WARN_UNINITIALIZED_AUTOS = YES_AGGRESSIVE;
				GCC_WARN_UNUSED_FUNCTION = YES;
				GCC_WARN_UNUSED_VARIABLE = YES;
				IPHONEOS_DEPLOYMENT_TARGET = 13.2;
				MTL_ENABLE_DEBUG_INFO = INCLUDE_SOURCE;
				MTL_FAST_MATH = YES;
				ONLY_ACTIVE_ARCH = YES;
				SDKROOT = iphoneos;
			};
			name = Debug;
		};
		4176FDF724EA6F4A005778AE /* Release */ = {
			isa = XCBuildConfiguration;
			buildSettings = {
				ALWAYS_SEARCH_USER_PATHS = NO;
				CLANG_ANALYZER_NONNULL = YES;
				CLANG_ANALYZER_NUMBER_OBJECT_CONVERSION = YES_AGGRESSIVE;
				CLANG_CXX_LANGUAGE_STANDARD = "gnu++14";
				CLANG_CXX_LIBRARY = "libc++";
				CLANG_ENABLE_MODULES = YES;
				CLANG_ENABLE_OBJC_ARC = YES;
				CLANG_ENABLE_OBJC_WEAK = YES;
				CLANG_WARN_BLOCK_CAPTURE_AUTORELEASING = YES;
				CLANG_WARN_BOOL_CONVERSION = YES;
				CLANG_WARN_COMMA = YES;
				CLANG_WARN_CONSTANT_CONVERSION = YES;
				CLANG_WARN_DEPRECATED_OBJC_IMPLEMENTATIONS = YES;
				CLANG_WARN_DIRECT_OBJC_ISA_USAGE = YES_ERROR;
				CLANG_WARN_DOCUMENTATION_COMMENTS = YES;
				CLANG_WARN_EMPTY_BODY = YES;
				CLANG_WARN_ENUM_CONVERSION = YES;
				CLANG_WARN_INFINITE_RECURSION = YES;
				CLANG_WARN_INT_CONVERSION = YES;
				CLANG_WARN_NON_LITERAL_NULL_CONVERSION = YES;
				CLANG_WARN_OBJC_IMPLICIT_RETAIN_SELF = YES;
				CLANG_WARN_OBJC_LITERAL_CONVERSION = YES;
				CLANG_WARN_OBJC_ROOT_CLASS = YES_ERROR;
				CLANG_WARN_RANGE_LOOP_ANALYSIS = YES;
				CLANG_WARN_STRICT_PROTOTYPES = YES;
				CLANG_WARN_SUSPICIOUS_MOVE = YES;
				CLANG_WARN_UNGUARDED_AVAILABILITY = YES_AGGRESSIVE;
				CLANG_WARN_UNREACHABLE_CODE = YES;
				CLANG_WARN__DUPLICATE_METHOD_MATCH = YES;
				COPY_PHASE_STRIP = NO;
				DEBUG_INFORMATION_FORMAT = "dwarf-with-dsym";
				ENABLE_NS_ASSERTIONS = NO;
				ENABLE_STRICT_OBJC_MSGSEND = YES;
				GCC_C_LANGUAGE_STANDARD = gnu11;
				GCC_NO_COMMON_BLOCKS = YES;
				GCC_WARN_64_TO_32_BIT_CONVERSION = YES;
				GCC_WARN_ABOUT_RETURN_TYPE = YES_ERROR;
				GCC_WARN_UNDECLARED_SELECTOR = YES;
				GCC_WARN_UNINITIALIZED_AUTOS = YES_AGGRESSIVE;
				GCC_WARN_UNUSED_FUNCTION = YES;
				GCC_WARN_UNUSED_VARIABLE = YES;
				IPHONEOS_DEPLOYMENT_TARGET = 13.2;
				MTL_ENABLE_DEBUG_INFO = NO;
				MTL_FAST_MATH = YES;
				SDKROOT = iphoneos;
				VALIDATE_PRODUCT = YES;
			};
			name = Release;
		};
		4176FDF924EA6F4A005778AE /* Debug */ = {
			isa = XCBuildConfiguration;
			buildSettings = {
				ASSETCATALOG_COMPILER_APPICON_NAME = AppIcon;
				CODE_SIGN_STYLE = Automatic;
				INFOPLIST_FILE = iTahDoodle/Info.plist;
				LD_RUNPATH_SEARCH_PATHS = (
					"$(inherited)",
					"@executable_path/Frameworks",
				);
				PRODUCT_BUNDLE_IDENTIFIER = com.sujunglee.iTahDoodle;
				PRODUCT_NAME = "$(TARGET_NAME)";
				TARGETED_DEVICE_FAMILY = "1,2";
			};
			name = Debug;
		};
		4176FDFA24EA6F4A005778AE /* Release */ = {
			isa = XCBuildConfiguration;
			buildSettings = {
				ASSETCATALOG_COMPILER_APPICON_NAME = AppIcon;
				CODE_SIGN_STYLE = Automatic;
				INFOPLIST_FILE = iTahDoodle/Info.plist;
				LD_RUNPATH_SEARCH_PATHS = (
					"$(inherited)",
					"@executable_path/Frameworks",
				);
				PRODUCT_BUNDLE_IDENTIFIER = com.sujunglee.iTahDoodle;
				PRODUCT_NAME = "$(TARGET_NAME)";
				TARGETED_DEVICE_FAMILY = "1,2";
			};
			name = Release;
		};
/* End XCBuildConfiguration section */

/* Begin XCConfigurationList section */
		4176FDDA24EA6F48005778AE /* Build configuration list for PBXProject "iTahDoodle" */ = {
			isa = XCConfigurationList;
			buildConfigurations = (
				4176FDF624EA6F4A005778AE /* Debug */,
				4176FDF724EA6F4A005778AE /* Release */,
			);
			defaultConfigurationIsVisible = 0;
			defaultConfigurationName = Release;
		};
		4176FDF824EA6F4A005778AE /* Build configuration list for PBXNativeTarget "iTahDoodle" */ = {
			isa = XCConfigurationList;
			buildConfigurations = (
				4176FDF924EA6F4A005778AE /* Debug */,
				4176FDFA24EA6F4A005778AE /* Release */,
			);
			defaultConfigurationIsVisible = 0;
			defaultConfigurationName = Release;
		};
/* End XCConfigurationList section */
	};
	rootObject = 4176FDD724EA6F48005778AE /* Project object */;
}
