// !$*UTF8*$!
{
	archiveVersion = 1;
	classes = {
	};
	objectVersion = 50;
	objects = {

/* Begin PBXBuildFile section */
		413A2C3624D5A0C200CB39DA /* AppDelegate.m in Sources */ = {isa = PBXBuildFile; fileRef = 413A2C3524D5A0C200CB39DA /* AppDelegate.m */; };
		413A2C3924D5A0C200CB39DA /* SceneDelegate.m in Sources */ = {isa = PBXBuildFile; fileRef = 413A2C3824D5A0C200CB39DA /* SceneDelegate.m */; };
		413A2C3C24D5A0C200CB39DA /* ViewController.m in Sources */ = {isa = PBXBuildFile; fileRef = 413A2C3B24D5A0C200CB39DA /* ViewController.m */; };
		413A2C3F24D5A0C200CB39DA /* Main.storyboard in Resources */ = {isa = PBXBuildFile; fileRef = 413A2C3D24D5A0C200CB39DA /* Main.storyboard */; };
		413A2C4124D5A0C300CB39DA /* Assets.xcassets in Resources */ = {isa = PBXBuildFile; fileRef = 413A2C4024D5A0C300CB39DA /* Assets.xcassets */; };
		413A2C4424D5A0C300CB39DA /* LaunchScreen.storyboard in Resources */ = {isa = PBXBuildFile; fileRef = 413A2C4224D5A0C300CB39DA /* LaunchScreen.storyboard */; };
		413A2C4724D5A0C300CB39DA /* main.m in Sources */ = {isa = PBXBuildFile; fileRef = 413A2C4624D5A0C300CB39DA /* main.m */; };
		413A2C5124D5A0C300CB39DA /* Distance_CalculatorTests.m in Sources */ = {isa = PBXBuildFile; fileRef = 413A2C5024D5A0C300CB39DA /* Distance_CalculatorTests.m */; };
		413A2C5C24D5A0C300CB39DA /* Distance_CalculatorUITests.m in Sources */ = {isa = PBXBuildFile; fileRef = 413A2C5B24D5A0C300CB39DA /* Distance_CalculatorUITests.m */; };
		542D3C4FA810043292D8E029 /* Pods_Distance_CalculatorTests.framework in Frameworks */ = {isa = PBXBuildFile; fileRef = 73FB1009EBECE5844E20E261 /* Pods_Distance_CalculatorTests.framework */; };
		93B34E0D1CAC39AE5F9C4D87 /* Pods_Distance_Calculator.framework in Frameworks */ = {isa = PBXBuildFile; fileRef = 1C98F19D62A3971C55BCA83D /* Pods_Distance_Calculator.framework */; };
		C3979624EB9948A610C7F632 /* Pods_Distance_Calculator_Distance_CalculatorUITests.framework in Frameworks */ = {isa = PBXBuildFile; fileRef = 0DBA332DA39E76B34EF475EC /* Pods_Distance_Calculator_Distance_CalculatorUITests.framework */; };
/* End PBXBuildFile section */

/* Begin PBXContainerItemProxy section */
		413A2C4D24D5A0C300CB39DA /* PBXContainerItemProxy */ = {
			isa = PBXContainerItemProxy;
			containerPortal = 413A2C2924D5A0C200CB39DA /* Project object */;
			proxyType = 1;
			remoteGlobalIDString = 413A2C3024D5A0C200CB39DA;
			remoteInfo = "Distance Calculator";
		};
		413A2C5824D5A0C300CB39DA /* PBXContainerItemProxy */ = {
			isa = PBXContainerItemProxy;
			containerPortal = 413A2C2924D5A0C200CB39DA /* Project object */;
			proxyType = 1;
			remoteGlobalIDString = 413A2C3024D5A0C200CB39DA;
			remoteInfo = "Distance Calculator";
		};
/* End PBXContainerItemProxy section */

/* Begin PBXFileReference section */
		0DBA332DA39E76B34EF475EC /* Pods_Distance_Calculator_Distance_CalculatorUITests.framework */ = {isa = PBXFileReference; explicitFileType = wrapper.framework; includeInIndex = 0; path = Pods_Distance_Calculator_Distance_CalculatorUITests.framework; sourceTree = BUILT_PRODUCTS_DIR; };
		1C98F19D62A3971C55BCA83D /* Pods_Distance_Calculator.framework */ = {isa = PBXFileReference; explicitFileType = wrapper.framework; includeInIndex = 0; path = Pods_Distance_Calculator.framework; sourceTree = BUILT_PRODUCTS_DIR; };
		23C0C95C89C8CFC89258E70F /* Pods-Distance Calculator-Distance CalculatorUITests.release.xcconfig */ = {isa = PBXFileReference; includeInIndex = 1; lastKnownFileType = text.xcconfig; name = "Pods-Distance Calculator-Distance CalculatorUITests.release.xcconfig"; path = "Target Support Files/Pods-Distance Calculator-Distance CalculatorUITests/Pods-Distance Calculator-Distance CalculatorUITests.release.xcconfig"; sourceTree = "<group>"; };
		25B0CF4760709C6CB118572F /* Pods-Distance CalculatorTests.release.xcconfig */ = {isa = PBXFileReference; includeInIndex = 1; lastKnownFileType = text.xcconfig; name = "Pods-Distance CalculatorTests.release.xcconfig"; path = "Target Support Files/Pods-Distance CalculatorTests/Pods-Distance CalculatorTests.release.xcconfig"; sourceTree = "<group>"; };
		413A2C3124D5A0C200CB39DA /* Distance Calculator.app */ = {isa = PBXFileReference; explicitFileType = wrapper.application; includeInIndex = 0; path = "Distance Calculator.app"; sourceTree = BUILT_PRODUCTS_DIR; };
		413A2C3424D5A0C200CB39DA /* AppDelegate.h */ = {isa = PBXFileReference; lastKnownFileType = sourcecode.c.h; path = AppDelegate.h; sourceTree = "<group>"; };
		413A2C3524D5A0C200CB39DA /* AppDelegate.m */ = {isa = PBXFileReference; lastKnownFileType = sourcecode.c.objc; path = AppDelegate.m; sourceTree = "<group>"; };
		413A2C3724D5A0C200CB39DA /* SceneDelegate.h */ = {isa = PBXFileReference; lastKnownFileType = sourcecode.c.h; path = SceneDelegate.h; sourceTree = "<group>"; };
		413A2C3824D5A0C200CB39DA /* SceneDelegate.m */ = {isa = PBXFileReference; lastKnownFileType = sourcecode.c.objc; path = SceneDelegate.m; sourceTree = "<group>"; };
		413A2C3A24D5A0C200CB39DA /* ViewController.h */ = {isa = PBXFileReference; lastKnownFileType = sourcecode.c.h; path = ViewController.h; sourceTree = "<group>"; };
		413A2C3B24D5A0C200CB39DA /* ViewController.m */ = {isa = PBXFileReference; lastKnownFileType = sourcecode.c.objc; path = ViewController.m; sourceTree = "<group>"; };
		413A2C3E24D5A0C200CB39DA /* Base */ = {isa = PBXFileReference; lastKnownFileType = file.storyboard; name = Base; path = Base.lproj/Main.storyboard; sourceTree = "<group>"; };
		413A2C4024D5A0C300CB39DA /* Assets.xcassets */ = {isa = PBXFileReference; lastKnownFileType = folder.assetcatalog; path = Assets.xcassets; sourceTree = "<group>"; };
		413A2C4324D5A0C300CB39DA /* Base */ = {isa = PBXFileReference; lastKnownFileType = file.storyboard; name = Base; path = Base.lproj/LaunchScreen.storyboard; sourceTree = "<group>"; };
		413A2C4524D5A0C300CB39DA /* Info.plist */ = {isa = PBXFileReference; lastKnownFileType = text.plist.xml; path = Info.plist; sourceTree = "<group>"; };
		413A2C4624D5A0C300CB39DA /* main.m */ = {isa = PBXFileReference; lastKnownFileType = sourcecode.c.objc; path = main.m; sourceTree = "<group>"; };
		413A2C4C24D5A0C300CB39DA /* Distance CalculatorTests.xctest */ = {isa = PBXFileReference; explicitFileType = wrapper.cfbundle; includeInIndex = 0; path = "Distance CalculatorTests.xctest"; sourceTree = BUILT_PRODUCTS_DIR; };
		413A2C5024D5A0C300CB39DA /* Distance_CalculatorTests.m */ = {isa = PBXFileReference; lastKnownFileType = sourcecode.c.objc; path = Distance_CalculatorTests.m; sourceTree = "<group>"; };
		413A2C5224D5A0C300CB39DA /* Info.plist */ = {isa = PBXFileReference; lastKnownFileType = text.plist.xml; path = Info.plist; sourceTree = "<group>"; };
		413A2C5724D5A0C300CB39DA /* Distance CalculatorUITests.xctest */ = {isa = PBXFileReference; explicitFileType = wrapper.cfbundle; includeInIndex = 0; path = "Distance CalculatorUITests.xctest"; sourceTree = BUILT_PRODUCTS_DIR; };
		413A2C5B24D5A0C300CB39DA /* Distance_CalculatorUITests.m */ = {isa = PBXFileReference; lastKnownFileType = sourcecode.c.objc; path = Distance_CalculatorUITests.m; sourceTree = "<group>"; };
		413A2C5D24D5A0C300CB39DA /* Info.plist */ = {isa = PBXFileReference; lastKnownFileType = text.plist.xml; path = Info.plist; sourceTree = "<group>"; };
		73FB1009EBECE5844E20E261 /* Pods_Distance_CalculatorTests.framework */ = {isa = PBXFileReference; explicitFileType = wrapper.framework; includeInIndex = 0; path = Pods_Distance_CalculatorTests.framework; sourceTree = BUILT_PRODUCTS_DIR; };
		7C79D1D421BCD1FB120C7781 /* Pods-Distance Calculator.release.xcconfig */ = {isa = PBXFileReference; includeInIndex = 1; lastKnownFileType = text.xcconfig; name = "Pods-Distance Calculator.release.xcconfig"; path = "Target Support Files/Pods-Distance Calculator/Pods-Distance Calculator.release.xcconfig"; sourceTree = "<group>"; };
		8707585FC3B833E0A4567EC0 /* Pods-Distance CalculatorTests.debug.xcconfig */ = {isa = PBXFileReference; includeInIndex = 1; lastKnownFileType = text.xcconfig; name = "Pods-Distance CalculatorTests.debug.xcconfig"; path = "Target Support Files/Pods-Distance CalculatorTests/Pods-Distance CalculatorTests.debug.xcconfig"; sourceTree = "<group>"; };
		BDDCD6C9E3E7361704BDF7CF /* Pods-Distance Calculator.debug.xcconfig */ = {isa = PBXFileReference; includeInIndex = 1; lastKnownFileType = text.xcconfig; name = "Pods-Distance Calculator.debug.xcconfig"; path = "Target Support Files/Pods-Distance Calculator/Pods-Distance Calculator.debug.xcconfig"; sourceTree = "<group>"; };
		CC4377F5986C6FCC3E7DD9FC /* Pods-Distance Calculator-Distance CalculatorUITests.debug.xcconfig */ = {isa = PBXFileReference; includeInIndex = 1; lastKnownFileType = text.xcconfig; name = "Pods-Distance Calculator-Distance CalculatorUITests.debug.xcconfig"; path = "Target Support Files/Pods-Distance Calculator-Distance CalculatorUITests/Pods-Distance Calculator-Distance CalculatorUITests.debug.xcconfig"; sourceTree = "<group>"; };
/* End PBXFileReference section */

/* Begin PBXFrameworksBuildPhase section */
		413A2C2E24D5A0C200CB39DA /* Frameworks */ = {
			isa = PBXFrameworksBuildPhase;
			buildActionMask = 2147483647;
			files = (
				93B34E0D1CAC39AE5F9C4D87 /* Pods_Distance_Calculator.framework in Frameworks */,
			);
			runOnlyForDeploymentPostprocessing = 0;
		};
		413A2C4924D5A0C300CB39DA /* Frameworks */ = {
			isa = PBXFrameworksBuildPhase;
			buildActionMask = 2147483647;
			files = (
				542D3C4FA810043292D8E029 /* Pods_Distance_CalculatorTests.framework in Frameworks */,
			);
			runOnlyForDeploymentPostprocessing = 0;
		};
		413A2C5424D5A0C300CB39DA /* Frameworks */ = {
			isa = PBXFrameworksBuildPhase;
			buildActionMask = 2147483647;
			files = (
				C3979624EB9948A610C7F632 /* Pods_Distance_Calculator_Distance_CalculatorUITests.framework in Frameworks */,
			);
			runOnlyForDeploymentPostprocessing = 0;
		};
/* End PBXFrameworksBuildPhase section */

/* Begin PBXGroup section */
		413A2C2824D5A0C200CB39DA = {
			isa = PBXGroup;
			children = (
				413A2C3324D5A0C200CB39DA /* Distance Calculator */,
				413A2C4F24D5A0C300CB39DA /* Distance CalculatorTests */,
				413A2C5A24D5A0C300CB39DA /* Distance CalculatorUITests */,
				413A2C3224D5A0C200CB39DA /* Products */,
				62A53C598BB0249938B5C9B0 /* Pods */,
				CF669C44B70F49C5E8616799 /* Frameworks */,
			);
			sourceTree = "<group>";
		};
		413A2C3224D5A0C200CB39DA /* Products */ = {
			isa = PBXGroup;
			children = (
				413A2C3124D5A0C200CB39DA /* Distance Calculator.app */,
				413A2C4C24D5A0C300CB39DA /* Distance CalculatorTests.xctest */,
				413A2C5724D5A0C300CB39DA /* Distance CalculatorUITests.xctest */,
			);
			name = Products;
			sourceTree = "<group>";
		};
		413A2C3324D5A0C200CB39DA /* Distance Calculator */ = {
			isa = PBXGroup;
			children = (
				413A2C3424D5A0C200CB39DA /* AppDelegate.h */,
				413A2C3524D5A0C200CB39DA /* AppDelegate.m */,
				413A2C3724D5A0C200CB39DA /* SceneDelegate.h */,
				413A2C3824D5A0C200CB39DA /* SceneDelegate.m */,
				413A2C3A24D5A0C200CB39DA /* ViewController.h */,
				413A2C3B24D5A0C200CB39DA /* ViewController.m */,
				413A2C3D24D5A0C200CB39DA /* Main.storyboard */,
				413A2C4024D5A0C300CB39DA /* Assets.xcassets */,
				413A2C4224D5A0C300CB39DA /* LaunchScreen.storyboard */,
				413A2C4524D5A0C300CB39DA /* Info.plist */,
				413A2C4624D5A0C300CB39DA /* main.m */,
			);
			path = "Distance Calculator";
			sourceTree = "<group>";
		};
		413A2C4F24D5A0C300CB39DA /* Distance CalculatorTests */ = {
			isa = PBXGroup;
			children = (
				413A2C5024D5A0C300CB39DA /* Distance_CalculatorTests.m */,
				413A2C5224D5A0C300CB39DA /* Info.plist */,
			);
			path = "Distance CalculatorTests";
			sourceTree = "<group>";
		};
		413A2C5A24D5A0C300CB39DA /* Distance CalculatorUITests */ = {
			isa = PBXGroup;
			children = (
				413A2C5B24D5A0C300CB39DA /* Distance_CalculatorUITests.m */,
				413A2C5D24D5A0C300CB39DA /* Info.plist */,
			);
			path = "Distance CalculatorUITests";
			sourceTree = "<group>";
		};
		62A53C598BB0249938B5C9B0 /* Pods */ = {
			isa = PBXGroup;
			children = (
				BDDCD6C9E3E7361704BDF7CF /* Pods-Distance Calculator.debug.xcconfig */,
				7C79D1D421BCD1FB120C7781 /* Pods-Distance Calculator.release.xcconfig */,
				CC4377F5986C6FCC3E7DD9FC /* Pods-Distance Calculator-Distance CalculatorUITests.debug.xcconfig */,
				23C0C95C89C8CFC89258E70F /* Pods-Distance Calculator-Distance CalculatorUITests.release.xcconfig */,
				8707585FC3B833E0A4567EC0 /* Pods-Distance CalculatorTests.debug.xcconfig */,
				25B0CF4760709C6CB118572F /* Pods-Distance CalculatorTests.release.xcconfig */,
			);
			name = Pods;
			path = Pods;
			sourceTree = "<group>";
		};
		CF669C44B70F49C5E8616799 /* Frameworks */ = {
			isa = PBXGroup;
			children = (
				1C98F19D62A3971C55BCA83D /* Pods_Distance_Calculator.framework */,
				0DBA332DA39E76B34EF475EC /* Pods_Distance_Calculator_Distance_CalculatorUITests.framework */,
				73FB1009EBECE5844E20E261 /* Pods_Distance_CalculatorTests.framework */,
			);
			name = Frameworks;
			sourceTree = "<group>";
		};
/* End PBXGroup section */

/* Begin PBXNativeTarget section */
		413A2C3024D5A0C200CB39DA /* Distance Calculator */ = {
			isa = PBXNativeTarget;
			buildConfigurationList = 413A2C6024D5A0C300CB39DA /* Build configuration list for PBXNativeTarget "Distance Calculator" */;
			buildPhases = (
				F77219D41E0D803A1A29DCC3 /* [CP] Check Pods Manifest.lock */,
				413A2C2D24D5A0C200CB39DA /* Sources */,
				413A2C2E24D5A0C200CB39DA /* Frameworks */,
				413A2C2F24D5A0C200CB39DA /* Resources */,
				43EA96D9573BF18CF453FA36 /* [CP] Embed Pods Frameworks */,
			);
			buildRules = (
			);
			dependencies = (
			);
			name = "Distance Calculator";
			productName = "Distance Calculator";
			productReference = 413A2C3124D5A0C200CB39DA /* Distance Calculator.app */;
			productType = "com.apple.product-type.application";
		};
		413A2C4B24D5A0C300CB39DA /* Distance CalculatorTests */ = {
			isa = PBXNativeTarget;
			buildConfigurationList = 413A2C6324D5A0C300CB39DA /* Build configuration list for PBXNativeTarget "Distance CalculatorTests" */;
			buildPhases = (
				C616874E29218C99370EF1F8 /* [CP] Check Pods Manifest.lock */,
				413A2C4824D5A0C300CB39DA /* Sources */,
				413A2C4924D5A0C300CB39DA /* Frameworks */,
				413A2C4A24D5A0C300CB39DA /* Resources */,
			);
			buildRules = (
			);
			dependencies = (
				413A2C4E24D5A0C300CB39DA /* PBXTargetDependency */,
			);
			name = "Distance CalculatorTests";
			productName = "Distance CalculatorTests";
			productReference = 413A2C4C24D5A0C300CB39DA /* Distance CalculatorTests.xctest */;
			productType = "com.apple.product-type.bundle.unit-test";
		};
		413A2C5624D5A0C300CB39DA /* Distance CalculatorUITests */ = {
			isa = PBXNativeTarget;
			buildConfigurationList = 413A2C6624D5A0C300CB39DA /* Build configuration list for PBXNativeTarget "Distance CalculatorUITests" */;
			buildPhases = (
				4588457A7686F95E8BD3829D /* [CP] Check Pods Manifest.lock */,
				413A2C5324D5A0C300CB39DA /* Sources */,
				413A2C5424D5A0C300CB39DA /* Frameworks */,
				413A2C5524D5A0C300CB39DA /* Resources */,
				08D760F023256C19AF44A322 /* [CP] Embed Pods Frameworks */,
			);
			buildRules = (
			);
			dependencies = (
				413A2C5924D5A0C300CB39DA /* PBXTargetDependency */,
			);
			name = "Distance CalculatorUITests";
			productName = "Distance CalculatorUITests";
			productReference = 413A2C5724D5A0C300CB39DA /* Distance CalculatorUITests.xctest */;
			productType = "com.apple.product-type.bundle.ui-testing";
		};
/* End PBXNativeTarget section */

/* Begin PBXProject section */
		413A2C2924D5A0C200CB39DA /* Project object */ = {
			isa = PBXProject;
			attributes = {
				LastUpgradeCheck = 1130;
				ORGANIZATIONNAME = "Suzy Lee";
				TargetAttributes = {
					413A2C3024D5A0C200CB39DA = {
						CreatedOnToolsVersion = 11.3.1;
					};
					413A2C4B24D5A0C300CB39DA = {
						CreatedOnToolsVersion = 11.3.1;
						TestTargetID = 413A2C3024D5A0C200CB39DA;
					};
					413A2C5624D5A0C300CB39DA = {
						CreatedOnToolsVersion = 11.3.1;
						TestTargetID = 413A2C3024D5A0C200CB39DA;
					};
				};
			};
			buildConfigurationList = 413A2C2C24D5A0C200CB39DA /* Build configuration list for PBXProject "Distance Calculator" */;
			compatibilityVersion = "Xcode 9.3";
			developmentRegion = en;
			hasScannedForEncodings = 0;
			knownRegions = (
				en,
				Base,
			);
			mainGroup = 413A2C2824D5A0C200CB39DA;
			productRefGroup = 413A2C3224D5A0C200CB39DA /* Products */;
			projectDirPath = "";
			projectRoot = "";
			targets = (
				413A2C3024D5A0C200CB39DA /* Distance Calculator */,
				413A2C4B24D5A0C300CB39DA /* Distance CalculatorTests */,
				413A2C5624D5A0C300CB39DA /* Distance CalculatorUITests */,
			);
		};
/* End PBXProject section */

/* Begin PBXResourcesBuildPhase section */
		413A2C2F24D5A0C200CB39DA /* Resources */ = {
			isa = PBXResourcesBuildPhase;
			buildActionMask = 2147483647;
			files = (
				413A2C4424D5A0C300CB39DA /* LaunchScreen.storyboard in Resources */,
				413A2C4124D5A0C300CB39DA /* Assets.xcassets in Resources */,
				413A2C3F24D5A0C200CB39DA /* Main.storyboard in Resources */,
			);
			runOnlyForDeploymentPostprocessing = 0;
		};
		413A2C4A24D5A0C300CB39DA /* Resources */ = {
			isa = PBXResourcesBuildPhase;
			buildActionMask = 2147483647;
			files = (
			);
			runOnlyForDeploymentPostprocessing = 0;
		};
		413A2C5524D5A0C300CB39DA /* Resources */ = {
			isa = PBXResourcesBuildPhase;
			buildActionMask = 2147483647;
			files = (
			);
			runOnlyForDeploymentPostprocessing = 0;
		};
/* End PBXResourcesBuildPhase section */

/* Begin PBXShellScriptBuildPhase section */
		08D760F023256C19AF44A322 /* [CP] Embed Pods Frameworks */ = {
			isa = PBXShellScriptBuildPhase;
			buildActionMask = 2147483647;
			files = (
			);
			inputFileListPaths = (
				"${PODS_ROOT}/Target Support Files/Pods-Distance Calculator-Distance CalculatorUITests/Pods-Distance Calculator-Distance CalculatorUITests-frameworks-${CONFIGURATION}-input-files.xcfilelist",
			);
			name = "[CP] Embed Pods Frameworks";
			outputFileListPaths = (
				"${PODS_ROOT}/Target Support Files/Pods-Distance Calculator-Distance CalculatorUITests/Pods-Distance Calculator-Distance CalculatorUITests-frameworks-${CONFIGURATION}-output-files.xcfilelist",
			);
			runOnlyForDeploymentPostprocessing = 0;
			shellPath = /bin/sh;
			shellScript = "\"${PODS_ROOT}/Target Support Files/Pods-Distance Calculator-Distance CalculatorUITests/Pods-Distance Calculator-Distance CalculatorUITests-frameworks.sh\"\n";
			showEnvVarsInLog = 0;
		};
		43EA96D9573BF18CF453FA36 /* [CP] Embed Pods Frameworks */ = {
			isa = PBXShellScriptBuildPhase;
			buildActionMask = 2147483647;
			files = (
			);
			inputFileListPaths = (
				"${PODS_ROOT}/Target Support Files/Pods-Distance Calculator/Pods-Distance Calculator-frameworks-${CONFIGURATION}-input-files.xcfilelist",
			);
			name = "[CP] Embed Pods Frameworks";
			outputFileListPaths = (
				"${PODS_ROOT}/Target Support Files/Pods-Distance Calculator/Pods-Distance Calculator-frameworks-${CONFIGURATION}-output-files.xcfilelist",
			);
			runOnlyForDeploymentPostprocessing = 0;
			shellPath = /bin/sh;
			shellScript = "\"${PODS_ROOT}/Target Support Files/Pods-Distance Calculator/Pods-Distance Calculator-frameworks.sh\"\n";
			showEnvVarsInLog = 0;
		};
		4588457A7686F95E8BD3829D /* [CP] Check Pods Manifest.lock */ = {
			isa = PBXShellScriptBuildPhase;
			buildActionMask = 2147483647;
			files = (
			);
			inputFileListPaths = (
			);
			inputPaths = (
				"${PODS_PODFILE_DIR_PATH}/Podfile.lock",
				"${PODS_ROOT}/Manifest.lock",
			);
			name = "[CP] Check Pods Manifest.lock";
			outputFileListPaths = (
			);
			outputPaths = (
				"$(DERIVED_FILE_DIR)/Pods-Distance Calculator-Distance CalculatorUITests-checkManifestLockResult.txt",
			);
			runOnlyForDeploymentPostprocessing = 0;
			shellPath = /bin/sh;
			shellScript = "diff \"${PODS_PODFILE_DIR_PATH}/Podfile.lock\" \"${PODS_ROOT}/Manifest.lock\" > /dev/null\nif [ $? != 0 ] ; then\n    # print error to STDERR\n    echo \"error: The sandbox is not in sync with the Podfile.lock. Run 'pod install' or update your CocoaPods installation.\" >&2\n    exit 1\nfi\n# This output is used by Xcode 'outputs' to avoid re-running this script phase.\necho \"SUCCESS\" > \"${SCRIPT_OUTPUT_FILE_0}\"\n";
			showEnvVarsInLog = 0;
		};
		C616874E29218C99370EF1F8 /* [CP] Check Pods Manifest.lock */ = {
			isa = PBXShellScriptBuildPhase;
			buildActionMask = 2147483647;
			files = (
			);
			inputFileListPaths = (
			);
			inputPaths = (
				"${PODS_PODFILE_DIR_PATH}/Podfile.lock",
				"${PODS_ROOT}/Manifest.lock",
			);
			name = "[CP] Check Pods Manifest.lock";
			outputFileListPaths = (
			);
			outputPaths = (
				"$(DERIVED_FILE_DIR)/Pods-Distance CalculatorTests-checkManifestLockResult.txt",
			);
			runOnlyForDeploymentPostprocessing = 0;
			shellPath = /bin/sh;
			shellScript = "diff \"${PODS_PODFILE_DIR_PATH}/Podfile.lock\" \"${PODS_ROOT}/Manifest.lock\" > /dev/null\nif [ $? != 0 ] ; then\n    # print error to STDERR\n    echo \"error: The sandbox is not in sync with the Podfile.lock. Run 'pod install' or update your CocoaPods installation.\" >&2\n    exit 1\nfi\n# This output is used by Xcode 'outputs' to avoid re-running this script phase.\necho \"SUCCESS\" > \"${SCRIPT_OUTPUT_FILE_0}\"\n";
			showEnvVarsInLog = 0;
		};
		F77219D41E0D803A1A29DCC3 /* [CP] Check Pods Manifest.lock */ = {
			isa = PBXShellScriptBuildPhase;
			buildActionMask = 2147483647;
			files = (
			);
			inputFileListPaths = (
			);
			inputPaths = (
				"${PODS_PODFILE_DIR_PATH}/Podfile.lock",
				"${PODS_ROOT}/Manifest.lock",
			);
			name = "[CP] Check Pods Manifest.lock";
			outputFileListPaths = (
			);
			outputPaths = (
				"$(DERIVED_FILE_DIR)/Pods-Distance Calculator-checkManifestLockResult.txt",
			);
			runOnlyForDeploymentPostprocessing = 0;
			shellPath = /bin/sh;
			shellScript = "diff \"${PODS_PODFILE_DIR_PATH}/Podfile.lock\" \"${PODS_ROOT}/Manifest.lock\" > /dev/null\nif [ $? != 0 ] ; then\n    # print error to STDERR\n    echo \"error: The sandbox is not in sync with the Podfile.lock. Run 'pod install' or update your CocoaPods installation.\" >&2\n    exit 1\nfi\n# This output is used by Xcode 'outputs' to avoid re-running this script phase.\necho \"SUCCESS\" > \"${SCRIPT_OUTPUT_FILE_0}\"\n";
			showEnvVarsInLog = 0;
		};
/* End PBXShellScriptBuildPhase section */

/* Begin PBXSourcesBuildPhase section */
		413A2C2D24D5A0C200CB39DA /* Sources */ = {
			isa = PBXSourcesBuildPhase;
			buildActionMask = 2147483647;
			files = (
				413A2C3C24D5A0C200CB39DA /* ViewController.m in Sources */,
				413A2C3624D5A0C200CB39DA /* AppDelegate.m in Sources */,
				413A2C4724D5A0C300CB39DA /* main.m in Sources */,
				413A2C3924D5A0C200CB39DA /* SceneDelegate.m in Sources */,
			);
			runOnlyForDeploymentPostprocessing = 0;
		};
		413A2C4824D5A0C300CB39DA /* Sources */ = {
			isa = PBXSourcesBuildPhase;
			buildActionMask = 2147483647;
			files = (
				413A2C5124D5A0C300CB39DA /* Distance_CalculatorTests.m in Sources */,
			);
			runOnlyForDeploymentPostprocessing = 0;
		};
		413A2C5324D5A0C300CB39DA /* Sources */ = {
			isa = PBXSourcesBuildPhase;
			buildActionMask = 2147483647;
			files = (
				413A2C5C24D5A0C300CB39DA /* Distance_CalculatorUITests.m in Sources */,
			);
			runOnlyForDeploymentPostprocessing = 0;
		};
/* End PBXSourcesBuildPhase section */

/* Begin PBXTargetDependency section */
		413A2C4E24D5A0C300CB39DA /* PBXTargetDependency */ = {
			isa = PBXTargetDependency;
			target = 413A2C3024D5A0C200CB39DA /* Distance Calculator */;
			targetProxy = 413A2C4D24D5A0C300CB39DA /* PBXContainerItemProxy */;
		};
		413A2C5924D5A0C300CB39DA /* PBXTargetDependency */ = {
			isa = PBXTargetDependency;
			target = 413A2C3024D5A0C200CB39DA /* Distance Calculator */;
			targetProxy = 413A2C5824D5A0C300CB39DA /* PBXContainerItemProxy */;
		};
/* End PBXTargetDependency section */

/* Begin PBXVariantGroup section */
		413A2C3D24D5A0C200CB39DA /* Main.storyboard */ = {
			isa = PBXVariantGroup;
			children = (
				413A2C3E24D5A0C200CB39DA /* Base */,
			);
			name = Main.storyboard;
			sourceTree = "<group>";
		};
		413A2C4224D5A0C300CB39DA /* LaunchScreen.storyboard */ = {
			isa = PBXVariantGroup;
			children = (
				413A2C4324D5A0C300CB39DA /* Base */,
			);
			name = LaunchScreen.storyboard;
			sourceTree = "<group>";
		};
/* End PBXVariantGroup section */

/* Begin XCBuildConfiguration section */
		413A2C5E24D5A0C300CB39DA /* Debug */ = {
			isa = XCBuildConfiguration;
			buildSettings = {
				ALWAYS_SEARCH_USER_PATHS = NO;
				CLANG_ANALYZER_NONNULL = YES;
				CLANG_ANALYZER_NUMBER_OBJECT_CONVERSION = YES_AGGRESSIVE;
				CLANG_CXX_LANGUAGE_STANDARD = "gnu++14";
				CLANG_CXX_LIBRARY = "libc++";
				CLANG_ENABLE_MODULES = YES;
				CLANG_ENABLE_OBJC_ARC = YES;
				CLANG_ENABLE_OBJC_WEAK = YES;
				CLANG_WARN_BLOCK_CAPTURE_AUTORELEASING = YES;
				CLANG_WARN_BOOL_CONVERSION = YES;
				CLANG_WARN_COMMA = YES;
				CLANG_WARN_CONSTANT_CONVERSION = YES;
				CLANG_WARN_DEPRECATED_OBJC_IMPLEMENTATIONS = YES;
				CLANG_WARN_DIRECT_OBJC_ISA_USAGE = YES_ERROR;
				CLANG_WARN_DOCUMENTATION_COMMENTS = YES;
				CLANG_WARN_EMPTY_BODY = YES;
				CLANG_WARN_ENUM_CONVERSION = YES;
				CLANG_WARN_INFINITE_RECURSION = YES;
				CLANG_WARN_INT_CONVERSION = YES;
				CLANG_WARN_NON_LITERAL_NULL_CONVERSION = YES;
				CLANG_WARN_OBJC_IMPLICIT_RETAIN_SELF = YES;
				CLANG_WARN_OBJC_LITERAL_CONVERSION = YES;
				CLANG_WARN_OBJC_ROOT_CLASS = YES_ERROR;
				CLANG_WARN_RANGE_LOOP_ANALYSIS = YES;
				CLANG_WARN_STRICT_PROTOTYPES = YES;
				CLANG_WARN_SUSPICIOUS_MOVE = YES;
				CLANG_WARN_UNGUARDED_AVAILABILITY = YES_AGGRESSIVE;
				CLANG_WARN_UNREACHABLE_CODE = YES;
				CLANG_WARN__DUPLICATE_METHOD_MATCH = YES;
				COPY_PHASE_STRIP = NO;
				DEBUG_INFORMATION_FORMAT = dwarf;
				ENABLE_STRICT_OBJC_MSGSEND = YES;
				ENABLE_TESTABILITY = YES;
				GCC_C_LANGUAGE_STANDARD = gnu11;
				GCC_DYNAMIC_NO_PIC = NO;
				GCC_NO_COMMON_BLOCKS = YES;
				GCC_OPTIMIZATION_LEVEL = 0;
				GCC_PREPROCESSOR_DEFINITIONS = (
					"DEBUG=1",
					"$(inherited)",
				);
				GCC_WARN_64_TO_32_BIT_CONVERSION = YES;
				GCC_WARN_ABOUT_RETURN_TYPE = YES_ERROR;
				GCC_WARN_UNDECLARED_SELECTOR = YES;
				GCC_WARN_UNINITIALIZED_AUTOS = YES_AGGRESSIVE;
				GCC_WARN_UNUSED_FUNCTION = YES;
				GCC_WARN_UNUSED_VARIABLE = YES;
				IPHONEOS_DEPLOYMENT_TARGET = 13.2;
				MTL_ENABLE_DEBUG_INFO = INCLUDE_SOURCE;
				MTL_FAST_MATH = YES;
				ONLY_ACTIVE_ARCH = YES;
				SDKROOT = iphoneos;
			};
			name = Debug;
		};
		413A2C5F24D5A0C300CB39DA /* Release */ = {
			isa = XCBuildConfiguration;
			buildSettings = {
				ALWAYS_SEARCH_USER_PATHS = NO;
				CLANG_ANALYZER_NONNULL = YES;
				CLANG_ANALYZER_NUMBER_OBJECT_CONVERSION = YES_AGGRESSIVE;
				CLANG_CXX_LANGUAGE_STANDARD = "gnu++14";
				CLANG_CXX_LIBRARY = "libc++";
				CLANG_ENABLE_MODULES = YES;
				CLANG_ENABLE_OBJC_ARC = YES;
				CLANG_ENABLE_OBJC_WEAK = YES;
				CLANG_WARN_BLOCK_CAPTURE_AUTORELEASING = YES;
				CLANG_WARN_BOOL_CONVERSION = YES;
				CLANG_WARN_COMMA = YES;
				CLANG_WARN_CONSTANT_CONVERSION = YES;
				CLANG_WARN_DEPRECATED_OBJC_IMPLEMENTATIONS = YES;
				CLANG_WARN_DIRECT_OBJC_ISA_USAGE = YES_ERROR;
				CLANG_WARN_DOCUMENTATION_COMMENTS = YES;
				CLANG_WARN_EMPTY_BODY = YES;
				CLANG_WARN_ENUM_CONVERSION = YES;
				CLANG_WARN_INFINITE_RECURSION = YES;
				CLANG_WARN_INT_CONVERSION = YES;
				CLANG_WARN_NON_LITERAL_NULL_CONVERSION = YES;
				CLANG_WARN_OBJC_IMPLICIT_RETAIN_SELF = YES;
				CLANG_WARN_OBJC_LITERAL_CONVERSION = YES;
				CLANG_WARN_OBJC_ROOT_CLASS = YES_ERROR;
				CLANG_WARN_RANGE_LOOP_ANALYSIS = YES;
				CLANG_WARN_STRICT_PROTOTYPES = YES;
				CLANG_WARN_SUSPICIOUS_MOVE = YES;
				CLANG_WARN_UNGUARDED_AVAILABILITY = YES_AGGRESSIVE;
				CLANG_WARN_UNREACHABLE_CODE = YES;
				CLANG_WARN__DUPLICATE_METHOD_MATCH = YES;
				COPY_PHASE_STRIP = NO;
				DEBUG_INFORMATION_FORMAT = "dwarf-with-dsym";
				ENABLE_NS_ASSERTIONS = NO;
				ENABLE_STRICT_OBJC_MSGSEND = YES;
				GCC_C_LANGUAGE_STANDARD = gnu11;
				GCC_NO_COMMON_BLOCKS = YES;
				GCC_WARN_64_TO_32_BIT_CONVERSION = YES;
				GCC_WARN_ABOUT_RETURN_TYPE = YES_ERROR;
				GCC_WARN_UNDECLARED_SELECTOR = YES;
				GCC_WARN_UNINITIALIZED_AUTOS = YES_AGGRESSIVE;
				GCC_WARN_UNUSED_FUNCTION = YES;
				GCC_WARN_UNUSED_VARIABLE = YES;
				IPHONEOS_DEPLOYMENT_TARGET = 13.2;
				MTL_ENABLE_DEBUG_INFO = NO;
				MTL_FAST_MATH = YES;
				SDKROOT = iphoneos;
				VALIDATE_PRODUCT = YES;
			};
			name = Release;
		};
		413A2C6124D5A0C300CB39DA /* Debug */ = {
			isa = XCBuildConfiguration;
			baseConfigurationReference = BDDCD6C9E3E7361704BDF7CF /* Pods-Distance Calculator.debug.xcconfig */;
			buildSettings = {
				ASSETCATALOG_COMPILER_APPICON_NAME = AppIcon;
				CODE_SIGN_STYLE = Automatic;
				INFOPLIST_FILE = "Distance Calculator/Info.plist";
				LD_RUNPATH_SEARCH_PATHS = (
					"$(inherited)",
					"@executable_path/Frameworks",
				);
				PRODUCT_BUNDLE_IDENTIFIER = "com.sujunglee.Distance-Calculator";
				PRODUCT_NAME = "$(TARGET_NAME)";
				TARGETED_DEVICE_FAMILY = "1,2";
			};
			name = Debug;
		};
		413A2C6224D5A0C300CB39DA /* Release */ = {
			isa = XCBuildConfiguration;
			baseConfigurationReference = 7C79D1D421BCD1FB120C7781 /* Pods-Distance Calculator.release.xcconfig */;
			buildSettings = {
				ASSETCATALOG_COMPILER_APPICON_NAME = AppIcon;
				CODE_SIGN_STYLE = Automatic;
				INFOPLIST_FILE = "Distance Calculator/Info.plist";
				LD_RUNPATH_SEARCH_PATHS = (
					"$(inherited)",
					"@executable_path/Frameworks",
				);
				PRODUCT_BUNDLE_IDENTIFIER = "com.sujunglee.Distance-Calculator";
				PRODUCT_NAME = "$(TARGET_NAME)";
				TARGETED_DEVICE_FAMILY = "1,2";
			};
			name = Release;
		};
		413A2C6424D5A0C300CB39DA /* Debug */ = {
			isa = XCBuildConfiguration;
			baseConfigurationReference = 8707585FC3B833E0A4567EC0 /* Pods-Distance CalculatorTests.debug.xcconfig */;
			buildSettings = {
				BUNDLE_LOADER = "$(TEST_HOST)";
				CODE_SIGN_STYLE = Automatic;
				INFOPLIST_FILE = "Distance CalculatorTests/Info.plist";
				IPHONEOS_DEPLOYMENT_TARGET = 13.2;
				LD_RUNPATH_SEARCH_PATHS = (
					"$(inherited)",
					"@executable_path/Frameworks",
					"@loader_path/Frameworks",
				);
				PRODUCT_BUNDLE_IDENTIFIER = "com.sujunglee.Distance-CalculatorTests";
				PRODUCT_NAME = "$(TARGET_NAME)";
				TARGETED_DEVICE_FAMILY = "1,2";
				TEST_HOST = "$(BUILT_PRODUCTS_DIR)/Distance Calculator.app/Distance Calculator";
			};
			name = Debug;
		};
		413A2C6524D5A0C300CB39DA /* Release */ = {
			isa = XCBuildConfiguration;
			baseConfigurationReference = 25B0CF4760709C6CB118572F /* Pods-Distance CalculatorTests.release.xcconfig */;
			buildSettings = {
				BUNDLE_LOADER = "$(TEST_HOST)";
				CODE_SIGN_STYLE = Automatic;
				INFOPLIST_FILE = "Distance CalculatorTests/Info.plist";
				IPHONEOS_DEPLOYMENT_TARGET = 13.2;
				LD_RUNPATH_SEARCH_PATHS = (
					"$(inherited)",
					"@executable_path/Frameworks",
					"@loader_path/Frameworks",
				);
				PRODUCT_BUNDLE_IDENTIFIER = "com.sujunglee.Distance-CalculatorTests";
				PRODUCT_NAME = "$(TARGET_NAME)";
				TARGETED_DEVICE_FAMILY = "1,2";
				TEST_HOST = "$(BUILT_PRODUCTS_DIR)/Distance Calculator.app/Distance Calculator";
			};
			name = Release;
		};
		413A2C6724D5A0C300CB39DA /* Debug */ = {
			isa = XCBuildConfiguration;
			baseConfigurationReference = CC4377F5986C6FCC3E7DD9FC /* Pods-Distance Calculator-Distance CalculatorUITests.debug.xcconfig */;
			buildSettings = {
				CODE_SIGN_STYLE = Automatic;
				INFOPLIST_FILE = "Distance CalculatorUITests/Info.plist";
				LD_RUNPATH_SEARCH_PATHS = (
					"$(inherited)",
					"@executable_path/Frameworks",
					"@loader_path/Frameworks",
				);
				PRODUCT_BUNDLE_IDENTIFIER = "com.sujunglee.Distance-CalculatorUITests";
				PRODUCT_NAME = "$(TARGET_NAME)";
				TARGETED_DEVICE_FAMILY = "1,2";
				TEST_TARGET_NAME = "Distance Calculator";
			};
			name = Debug;
		};
		413A2C6824D5A0C300CB39DA /* Release */ = {
			isa = XCBuildConfiguration;
			baseConfigurationReference = 23C0C95C89C8CFC89258E70F /* Pods-Distance Calculator-Distance CalculatorUITests.release.xcconfig */;
			buildSettings = {
				CODE_SIGN_STYLE = Automatic;
				INFOPLIST_FILE = "Distance CalculatorUITests/Info.plist";
				LD_RUNPATH_SEARCH_PATHS = (
					"$(inherited)",
					"@executable_path/Frameworks",
					"@loader_path/Frameworks",
				);
				PRODUCT_BUNDLE_IDENTIFIER = "com.sujunglee.Distance-CalculatorUITests";
				PRODUCT_NAME = "$(TARGET_NAME)";
				TARGETED_DEVICE_FAMILY = "1,2";
				TEST_TARGET_NAME = "Distance Calculator";
			};
			name = Release;
		};
/* End XCBuildConfiguration section */

/* Begin XCConfigurationList section */
		413A2C2C24D5A0C200CB39DA /* Build configuration list for PBXProject "Distance Calculator" */ = {
			isa = XCConfigurationList;
			buildConfigurations = (
				413A2C5E24D5A0C300CB39DA /* Debug */,
				413A2C5F24D5A0C300CB39DA /* Release */,
			);
			defaultConfigurationIsVisible = 0;
			defaultConfigurationName = Release;
		};
		413A2C6024D5A0C300CB39DA /* Build configuration list for PBXNativeTarget "Distance Calculator" */ = {
			isa = XCConfigurationList;
			buildConfigurations = (
				413A2C6124D5A0C300CB39DA /* Debug */,
				413A2C6224D5A0C300CB39DA /* Release */,
			);
			defaultConfigurationIsVisible = 0;
			defaultConfigurationName = Release;
		};
		413A2C6324D5A0C300CB39DA /* Build configuration list for PBXNativeTarget "Distance CalculatorTests" */ = {
			isa = XCConfigurationList;
			buildConfigurations = (
				413A2C6424D5A0C300CB39DA /* Debug */,
				413A2C6524D5A0C300CB39DA /* Release */,
			);
			defaultConfigurationIsVisible = 0;
			defaultConfigurationName = Release;
		};
		413A2C6624D5A0C300CB39DA /* Build configuration list for PBXNativeTarget "Distance CalculatorUITests" */ = {
			isa = XCConfigurationList;
			buildConfigurations = (
				413A2C6724D5A0C300CB39DA /* Debug */,
				413A2C6824D5A0C300CB39DA /* Release */,
			);
			defaultConfigurationIsVisible = 0;
			defaultConfigurationName = Release;
		};
/* End XCConfigurationList section */
	};
	rootObject = 413A2C2924D5A0C200CB39DA /* Project object */;
}
